
Microsoft Visual Studio Solution File, Format Version 12.00
# Visual Studio Version 17
VisualStudioVersion = 17.6.33829.357
MinimumVisualStudioVersion = 10.0.40219.1
Project("{FAE04EC0-301F-11D3-BF4B-00C04F79EFBC}") = "Single_Responsibility", "Single_Responsibility\Single_Responsibility.csproj", "{06D12BFE-9471-401D-8231-7487A40DACFA}"
EndProject
Global
	GlobalSection(SolutionConfigurationPlatforms) = preSolution
		Debug|Any CPU = Debug|Any CPU
		Release|Any CPU = Release|Any CPU
	EndGlobalSection
	GlobalSection(ProjectConfigurationPlatforms) = postSolution
		{06D12BFE-9471-401D-8231-7487A40DACFA}.Debug|Any CPU.ActiveCfg = Debug|Any CPU
		{06D12BFE-9471-401D-8231-7487A40DACFA}.Debug|Any CPU.Build.0 = Debug|Any CPU
		{06D12BFE-9471-401D-8231-7487A40DACFA}.Release|Any CPU.ActiveCfg = Release|Any CPU
		{06D12BFE-9471-401D-8231-7487A40DACFA}.Release|Any CPU.Build.0 = Release|Any CPU
	EndGlobalSection
	GlobalSection(SolutionProperties) = preSolution
		HideSolutionNode = FALSE
	EndGlobalSection
	GlobalSection(ExtensibilityGlobals) = postSolution
		SolutionGuid = {013AE9E1-76A1-4377-9CAA-37D3BEF0B299}
	EndGlobalSection
EndGlobal
