
Microsoft Visual Studio Solution File, Format Version 12.00
# Visual Studio Version 17
VisualStudioVersion = 17.5.33516.290
MinimumVisualStudioVersion = 10.0.40219.1
Project("{FAE04EC0-301F-11D3-BF4B-00C04F79EFBC}") = "Single_Responsibility", "Single_Responsibility\Single_Responsibility.csproj", "{D660075A-340B-4FDD-9F7B-88D82AC3B825}"
EndProject
Global
	GlobalSection(SolutionConfigurationPlatforms) = preSolution
		Debug|Any CPU = Debug|Any CPU
		Release|Any CPU = Release|Any CPU
	EndGlobalSection
	GlobalSection(ProjectConfigurationPlatforms) = postSolution
		{D660075A-340B-4FDD-9F7B-88D82AC3B825}.Debug|Any CPU.ActiveCfg = Debug|Any CPU
		{D660075A-340B-4FDD-9F7B-88D82AC3B825}.Debug|Any CPU.Build.0 = Debug|Any CPU
		{D660075A-340B-4FDD-9F7B-88D82AC3B825}.Release|Any CPU.ActiveCfg = Release|Any CPU
		{D660075A-340B-4FDD-9F7B-88D82AC3B825}.Release|Any CPU.Build.0 = Release|Any CPU
	EndGlobalSection
	GlobalSection(SolutionProperties) = preSolution
		HideSolutionNode = FALSE
	EndGlobalSection
	GlobalSection(ExtensibilityGlobals) = postSolution
		SolutionGuid = {69D798BB-2222-458E-A28D-86066D45F849}
	EndGlobalSection
EndGlobal
